
Microsoft Visual Studio Solution File, Format Version 12.00
# Visual Studio Version 16
VisualStudioVersion = 16.0.30204.135
MinimumVisualStudioVersion = 10.0.40219.1
Project("{8BC9CEB8-8B4A-11D0-8D11-00A0C91BC942}") = "ActivateAndUseWinRT", "ActivateAndUseWinRT\ActivateAndUseWinRT.vcxproj", "{E919778E-9B43-424E-B82A-7493F261F402}"
EndProject
Project("{8BC9CEB8-8B4A-11D0-8D11-00A0C91BC942}") = "WorkingWithTimer", "WorkingWithTimer\WorkingWithTimer.vcxproj", "{458537CD-B496-4B96-959E-8B95737A65A3}"
EndProject
Project("{8BC9CEB8-8B4A-11D0-8D11-00A0C91BC942}") = "WorkingWithBackground", "WorkingWithBackground\WorkingWithBackground.vcxproj", "{605A2447-89F0-4410-9580-14F9780CA683}"
EndProject
Project("{8BC9CEB8-8B4A-11D0-8D11-00A0C91BC942}") = "HandleEvents", "HandleEvents\HandleEvents.vcxproj", "{AD9A67DF-1B31-4216-AB8C-495C5CB1ED10}"
EndProject
Project("{8BC9CEB8-8B4A-11D0-8D11-00A0C91BC942}") = "GrayscaleTransform", "GrayscaleTransform\GrayscaleTransform.vcxproj", "{D04C7381-04CD-495E-BB2C-0351CB3FB574}"
EndProject
Project("{8BC9CEB8-8B4A-11D0-8D11-00A0C91BC942}") = "CalculatorComponent", "CalculatorComponent\CalculatorComponent.vcxproj", "{B705DE31-39B9-4759-ABE3-40F23832A041}"
EndProject
Project("{8BC9CEB8-8B4A-11D0-8D11-00A0C91BC942}") = "Calculator", "Calculator\Calculator.vcxproj", "{9A455C7A-08B5-4515-B77A-72D43B157B0D}"
EndProject
Project("{FAE04EC0-301F-11D3-BF4B-00C04F79EFBC}") = "MediaCapture", "MediaCapture\MediaCapture.csproj", "{60A3B40A-D0F6-4614-BFC9-DC609550532E}"
EndProject
Global
	GlobalSection(SolutionConfigurationPlatforms) = preSolution
		Debug|ARM = Debug|ARM
		Debug|ARM64 = Debug|ARM64
		Debug|x64 = Debug|x64
		Debug|x86 = Debug|x86
		Release|ARM = Release|ARM
		Release|ARM64 = Release|ARM64
		Release|x64 = Release|x64
		Release|x86 = Release|x86
	EndGlobalSection
	GlobalSection(ProjectConfigurationPlatforms) = postSolution
		{E919778E-9B43-424E-B82A-7493F261F402}.Debug|ARM.ActiveCfg = Debug|Win32
		{E919778E-9B43-424E-B82A-7493F261F402}.Debug|ARM64.ActiveCfg = Debug|Win32
		{E919778E-9B43-424E-B82A-7493F261F402}.Debug|x64.ActiveCfg = Debug|x64
		{E919778E-9B43-424E-B82A-7493F261F402}.Debug|x64.Build.0 = Debug|x64
		{E919778E-9B43-424E-B82A-7493F261F402}.Debug|x86.ActiveCfg = Debug|Win32
		{E919778E-9B43-424E-B82A-7493F261F402}.Debug|x86.Build.0 = Debug|Win32
		{E919778E-9B43-424E-B82A-7493F261F402}.Release|ARM.ActiveCfg = Release|Win32
		{E919778E-9B43-424E-B82A-7493F261F402}.Release|ARM64.ActiveCfg = Release|Win32
		{E919778E-9B43-424E-B82A-7493F261F402}.Release|x64.ActiveCfg = Release|x64
		{E919778E-9B43-424E-B82A-7493F261F402}.Release|x64.Build.0 = Release|x64
		{E919778E-9B43-424E-B82A-7493F261F402}.Release|x86.ActiveCfg = Release|Win32
		{E919778E-9B43-424E-B82A-7493F261F402}.Release|x86.Build.0 = Release|Win32
		{458537CD-B496-4B96-959E-8B95737A65A3}.Debug|ARM.ActiveCfg = Debug|Win32
		{458537CD-B496-4B96-959E-8B95737A65A3}.Debug|ARM64.ActiveCfg = Debug|Win32
		{458537CD-B496-4B96-959E-8B95737A65A3}.Debug|x64.ActiveCfg = Debug|x64
		{458537CD-B496-4B96-959E-8B95737A65A3}.Debug|x64.Build.0 = Debug|x64
		{458537CD-B496-4B96-959E-8B95737A65A3}.Debug|x86.ActiveCfg = Debug|Win32
		{458537CD-B496-4B96-959E-8B95737A65A3}.Debug|x86.Build.0 = Debug|Win32
		{458537CD-B496-4B96-959E-8B95737A65A3}.Release|ARM.ActiveCfg = Release|Win32
		{458537CD-B496-4B96-959E-8B95737A65A3}.Release|ARM64.ActiveCfg = Release|Win32
		{458537CD-B496-4B96-959E-8B95737A65A3}.Release|x64.ActiveCfg = Release|x64
		{458537CD-B496-4B96-959E-8B95737A65A3}.Release|x64.Build.0 = Release|x64
		{458537CD-B496-4B96-959E-8B95737A65A3}.Release|x86.ActiveCfg = Release|Win32
		{458537CD-B496-4B96-959E-8B95737A65A3}.Release|x86.Build.0 = Release|Win32
		{605A2447-89F0-4410-9580-14F9780CA683}.Debug|ARM.ActiveCfg = Debug|Win32
		{605A2447-89F0-4410-9580-14F9780CA683}.Debug|ARM64.ActiveCfg = Debug|Win32
		{605A2447-89F0-4410-9580-14F9780CA683}.Debug|x64.ActiveCfg = Debug|x64
		{605A2447-89F0-4410-9580-14F9780CA683}.Debug|x64.Build.0 = Debug|x64
		{605A2447-89F0-4410-9580-14F9780CA683}.Debug|x86.ActiveCfg = Debug|Win32
		{605A2447-89F0-4410-9580-14F9780CA683}.Debug|x86.Build.0 = Debug|Win32
		{605A2447-89F0-4410-9580-14F9780CA683}.Release|ARM.ActiveCfg = Release|Win32
		{605A2447-89F0-4410-9580-14F9780CA683}.Release|ARM64.ActiveCfg = Release|Win32
		{605A2447-89F0-4410-9580-14F9780CA683}.Release|x64.ActiveCfg = Release|x64
		{605A2447-89F0-4410-9580-14F9780CA683}.Release|x64.Build.0 = Release|x64
		{605A2447-89F0-4410-9580-14F9780CA683}.Release|x86.ActiveCfg = Release|Win32
		{605A2447-89F0-4410-9580-14F9780CA683}.Release|x86.Build.0 = Release|Win32
		{AD9A67DF-1B31-4216-AB8C-495C5CB1ED10}.Debug|ARM.ActiveCfg = Debug|Win32
		{AD9A67DF-1B31-4216-AB8C-495C5CB1ED10}.Debug|ARM64.ActiveCfg = Debug|Win32
		{AD9A67DF-1B31-4216-AB8C-495C5CB1ED10}.Debug|x64.ActiveCfg = Debug|x64
		{AD9A67DF-1B31-4216-AB8C-495C5CB1ED10}.Debug|x64.Build.0 = Debug|x64
		{AD9A67DF-1B31-4216-AB8C-495C5CB1ED10}.Debug|x86.ActiveCfg = Debug|Win32
		{AD9A67DF-1B31-4216-AB8C-495C5CB1ED10}.Debug|x86.Build.0 = Debug|Win32
		{AD9A67DF-1B31-4216-AB8C-495C5CB1ED10}.Release|ARM.ActiveCfg = Release|Win32
		{AD9A67DF-1B31-4216-AB8C-495C5CB1ED10}.Release|ARM64.ActiveCfg = Release|Win32
		{AD9A67DF-1B31-4216-AB8C-495C5CB1ED10}.Release|x64.ActiveCfg = Release|x64
		{AD9A67DF-1B31-4216-AB8C-495C5CB1ED10}.Release|x64.Build.0 = Release|x64
		{AD9A67DF-1B31-4216-AB8C-495C5CB1ED10}.Release|x86.ActiveCfg = Release|Win32
		{AD9A67DF-1B31-4216-AB8C-495C5CB1ED10}.Release|x86.Build.0 = Release|Win32
		{D04C7381-04CD-495E-BB2C-0351CB3FB574}.Debug|ARM.ActiveCfg = Debug|ARM
		{D04C7381-04CD-495E-BB2C-0351CB3FB574}.Debug|ARM.Build.0 = Debug|ARM
		{D04C7381-04CD-495E-BB2C-0351CB3FB574}.Debug|ARM64.ActiveCfg = Debug|ARM64
		{D04C7381-04CD-495E-BB2C-0351CB3FB574}.Debug|ARM64.Build.0 = Debug|ARM64
		{D04C7381-04CD-495E-BB2C-0351CB3FB574}.Debug|x64.ActiveCfg = Debug|x64
		{D04C7381-04CD-495E-BB2C-0351CB3FB574}.Debug|x64.Build.0 = Debug|x64
		{D04C7381-04CD-495E-BB2C-0351CB3FB574}.Debug|x86.ActiveCfg = Debug|Win32
		{D04C7381-04CD-495E-BB2C-0351CB3FB574}.Debug|x86.Build.0 = Debug|Win32
		{D04C7381-04CD-495E-BB2C-0351CB3FB574}.Release|ARM.ActiveCfg = Release|ARM
		{D04C7381-04CD-495E-BB2C-0351CB3FB574}.Release|ARM.Build.0 = Release|ARM
		{D04C7381-04CD-495E-BB2C-0351CB3FB574}.Release|ARM64.ActiveCfg = Release|ARM64
		{D04C7381-04CD-495E-BB2C-0351CB3FB574}.Release|ARM64.Build.0 = Release|ARM64
		{D04C7381-04CD-495E-BB2C-0351CB3FB574}.Release|x64.ActiveCfg = Release|x64
		{D04C7381-04CD-495E-BB2C-0351CB3FB574}.Release|x64.Build.0 = Release|x64
		{D04C7381-04CD-495E-BB2C-0351CB3FB574}.Release|x86.ActiveCfg = Release|Win32
		{D04C7381-04CD-495E-BB2C-0351CB3FB574}.Release|x86.Build.0 = Release|Win32
		{B705DE31-39B9-4759-ABE3-40F23832A041}.Debug|ARM.ActiveCfg = Debug|Win32
		{B705DE31-39B9-4759-ABE3-40F23832A041}.Debug|ARM64.ActiveCfg = Debug|Win32
		{B705DE31-39B9-4759-ABE3-40F23832A041}.Debug|x64.ActiveCfg = Debug|x64
		{B705DE31-39B9-4759-ABE3-40F23832A041}.Debug|x64.Build.0 = Debug|x64
		{B705DE31-39B9-4759-ABE3-40F23832A041}.Debug|x86.ActiveCfg = Debug|Win32
		{B705DE31-39B9-4759-ABE3-40F23832A041}.Debug|x86.Build.0 = Debug|Win32
		{B705DE31-39B9-4759-ABE3-40F23832A041}.Release|ARM.ActiveCfg = Release|Win32
		{B705DE31-39B9-4759-ABE3-40F23832A041}.Release|ARM64.ActiveCfg = Release|Win32
		{B705DE31-39B9-4759-ABE3-40F23832A041}.Release|x64.ActiveCfg = Release|x64
		{B705DE31-39B9-4759-ABE3-40F23832A041}.Release|x64.Build.0 = Release|x64
		{B705DE31-39B9-4759-ABE3-40F23832A041}.Release|x86.ActiveCfg = Release|Win32
		{B705DE31-39B9-4759-ABE3-40F23832A041}.Release|x86.Build.0 = Release|Win32
		{9A455C7A-08B5-4515-B77A-72D43B157B0D}.Debug|ARM.ActiveCfg = Debug|Win32
		{9A455C7A-08B5-4515-B77A-72D43B157B0D}.Debug|ARM64.ActiveCfg = Debug|Win32
		{9A455C7A-08B5-4515-B77A-72D43B157B0D}.Debug|x64.ActiveCfg = Debug|x64
		{9A455C7A-08B5-4515-B77A-72D43B157B0D}.Debug|x64.Build.0 = Debug|x64
		{9A455C7A-08B5-4515-B77A-72D43B157B0D}.Debug|x86.ActiveCfg = Debug|Win32
		{9A455C7A-08B5-4515-B77A-72D43B157B0D}.Debug|x86.Build.0 = Debug|Win32
		{9A455C7A-08B5-4515-B77A-72D43B157B0D}.Release|ARM.ActiveCfg = Release|Win32
		{9A455C7A-08B5-4515-B77A-72D43B157B0D}.Release|ARM64.ActiveCfg = Release|Win32
		{9A455C7A-08B5-4515-B77A-72D43B157B0D}.Release|x64.ActiveCfg = Release|x64
		{9A455C7A-08B5-4515-B77A-72D43B157B0D}.Release|x64.Build.0 = Release|x64
		{9A455C7A-08B5-4515-B77A-72D43B157B0D}.Release|x86.ActiveCfg = Release|Win32
		{9A455C7A-08B5-4515-B77A-72D43B157B0D}.Release|x86.Build.0 = Release|Win32
		{60A3B40A-D0F6-4614-BFC9-DC609550532E}.Debug|ARM.ActiveCfg = Debug|ARM
		{60A3B40A-D0F6-4614-BFC9-DC609550532E}.Debug|ARM.Build.0 = Debug|ARM
		{60A3B40A-D0F6-4614-BFC9-DC609550532E}.Debug|ARM.Deploy.0 = Debug|ARM
		{60A3B40A-D0F6-4614-BFC9-DC609550532E}.Debug|ARM64.ActiveCfg = Debug|ARM64
		{60A3B40A-D0F6-4614-BFC9-DC609550532E}.Debug|ARM64.Build.0 = Debug|ARM64
		{60A3B40A-D0F6-4614-BFC9-DC609550532E}.Debug|ARM64.Deploy.0 = Debug|ARM64
		{60A3B40A-D0F6-4614-BFC9-DC609550532E}.Debug|x64.ActiveCfg = Debug|x64
		{60A3B40A-D0F6-4614-BFC9-DC609550532E}.Debug|x64.Build.0 = Debug|x64
		{60A3B40A-D0F6-4614-BFC9-DC609550532E}.Debug|x64.Deploy.0 = Debug|x64
		{60A3B40A-D0F6-4614-BFC9-DC609550532E}.Debug|x86.ActiveCfg = Debug|x86
		{60A3B40A-D0F6-4614-BFC9-DC609550532E}.Debug|x86.Build.0 = Debug|x86
		{60A3B40A-D0F6-4614-BFC9-DC609550532E}.Debug|x86.Deploy.0 = Debug|x86
		{60A3B40A-D0F6-4614-BFC9-DC609550532E}.Release|ARM.ActiveCfg = Release|ARM
		{60A3B40A-D0F6-4614-BFC9-DC609550532E}.Release|ARM.Build.0 = Release|ARM
		{60A3B40A-D0F6-4614-BFC9-DC609550532E}.Release|ARM.Deploy.0 = Release|ARM
		{60A3B40A-D0F6-4614-BFC9-DC609550532E}.Release|ARM64.ActiveCfg = Release|ARM64
		{60A3B40A-D0F6-4614-BFC9-DC609550532E}.Release|ARM64.Build.0 = Release|ARM64
		{60A3B40A-D0F6-4614-BFC9-DC609550532E}.Release|ARM64.Deploy.0 = Release|ARM64
		{60A3B40A-D0F6-4614-BFC9-DC609550532E}.Release|x64.ActiveCfg = Release|x64
		{60A3B40A-D0F6-4614-BFC9-DC609550532E}.Release|x64.Build.0 = Release|x64
		{60A3B40A-D0F6-4614-BFC9-DC609550532E}.Release|x64.Deploy.0 = Release|x64
		{60A3B40A-D0F6-4614-BFC9-DC609550532E}.Release|x86.ActiveCfg = Release|x86
		{60A3B40A-D0F6-4614-BFC9-DC609550532E}.Release|x86.Build.0 = Release|x86
		{60A3B40A-D0F6-4614-BFC9-DC609550532E}.Release|x86.Deploy.0 = Release|x86
	EndGlobalSection
	GlobalSection(SolutionProperties) = preSolution
		HideSolutionNode = FALSE
	EndGlobalSection
	GlobalSection(ExtensibilityGlobals) = postSolution
		SolutionGuid = {3E3A27AC-7AEB-4D6E-83A5-D2D2C2188B1F}
	EndGlobalSection
EndGlobal
